<?xml version="1.0" encoding="UTF-8" standalone="yes" ?>
<CodeBlocks_project_file>
	<FileVersion major="1" minor="6" />
	<Project>
		<Option title="FlashySlideShow" />
		<Option pch_mode="2" />
		<Option compiler="gcc" />
		<Build>
			<Target title="Debug">
				<Option output="bin/Debug/FlashySlideShow" prefix_auto="1" extension_auto="1" />
				<Option object_output="obj/Debug/" />
				<Option type="1" />
				<Option compiler="gcc" />
				<Compiler>
					<Add option="-pedantic" />
					<Add option="-g" />
				</Compiler>
			</Target>
			<Target title="Release">
				<Option output="bin/Release/FlashySlideShow" prefix_auto="1" extension_auto="1" />
				<Option object_output="obj/Release/" />
				<Option type="0" />
				<Option compiler="gcc" />
				<Compiler>
					<Add option="-march=core2" />
					<Add option="-O3" />
				</Compiler>
			</Target>
		</Build>
		<Compiler>
			<Add option="-Wall" />
			<Add option="`wx-config --cflags`" />
			<Add option="`pkg-config --cflags opencv`" />
			<Add directory="usr/include" />
		</Compiler>
		<Linker>
			<Add option="`wx-config --libs`" />
			<Add option="`pkg-config --libs opencv`" />
			<Add library="glut" />
			<Add library="GL" />
			<Add library="GLU" />
			<Add library="Xxf86vm" />
			<Add library="pthread" />
			<Add library="openal" />
			<Add library="alut" />
			<Add directory="usr/lib" />
		</Linker>
		<Unit filename="camera_control.cpp" />
		<Unit filename="camera_control.h" />
		<Unit filename="controls.cpp" />
		<Unit filename="controls.h" />
		<Unit filename="directory_listing.cpp" />
		<Unit filename="directory_listing.h" />
		<Unit filename="directory_sorting.cpp" />
		<Unit filename="directory_sorting.h" />
		<Unit filename="directory_transactions.cpp" />
		<Unit filename="directory_transactions.h" />
		<Unit filename="effects.cpp" />
		<Unit filename="effects.h" />
		<Unit filename="environment.cpp" />
		<Unit filename="environment.h" />
		<Unit filename="image_sensing.cpp" />
		<Unit filename="image_sensing.h" />
		<Unit filename="joystick.cpp" />
		<Unit filename="joystick.h" />
		<Unit filename="load_images.cpp" />
		<Unit filename="load_images.h" />
		<Unit filename="load_textures.cpp" />
		<Unit filename="load_textures.h" />
		<Unit filename="main.cpp" />
		<Unit filename="math_3d.cpp" />
		<Unit filename="math_3d.h" />
		<Unit filename="memory_hypervisor.cpp" />
		<Unit filename="memory_hypervisor.h" />
		<Unit filename="pictures_control.cpp" />
		<Unit filename="pictures_control.h" />
		<Unit filename="scene_objects.cpp" />
		<Unit filename="scene_objects.h" />
		<Unit filename="slideshow.cpp" />
		<Unit filename="slideshow.h" />
		<Unit filename="sound.cpp" />
		<Unit filename="sound.h" />
		<Unit filename="transitions/basic_transition.cpp" />
		<Unit filename="transitions/basic_transition.h" />
		<Unit filename="visuals.cpp" />
		<Unit filename="visuals.h" />
		<Unit filename="wxwidgets_stuff.cpp" />
		<Unit filename="wxwidgets_stuff.h" />
		<Extensions>
			<code_completion />
			<envvars />
			<debugger />
		</Extensions>
	</Project>
</CodeBlocks_project_file>
