<?xml version="1.0" encoding="UTF-8" standalone="yes" ?>
<CodeBlocks_project_file>
	<FileVersion major="1" minor="6" />
	<Project>
		<Option title="FlashySlideShow" />
		<Option pch_mode="2" />
		<Option compiler="gcc" />
		<Build>
			<Target title="Debug">
				<Option output="bin/Debug/FlashySlideShow" prefix_auto="1" extension_auto="1" />
				<Option object_output="obj/Debug/" />
				<Option type="1" />
				<Option compiler="gcc" />
				<Compiler>
					<Add option="-g" />
				</Compiler>
			</Target>
			<Target title="Release">
				<Option output="bin/Release/FlashySlideShow" prefix_auto="1" extension_auto="1" />
				<Option object_output="obj/Release/" />
				<Option type="0" />
				<Option compiler="gcc" />
				<Compiler>
					<Add option="-O2" />
				</Compiler>
				<Linker>
					<Add option="-s" />
				</Linker>
			</Target>
		</Build>
		<Compiler>
			<Add option="-Wall" />
			<Add directory="usr/include" />
		</Compiler>
		<Linker>
			<Add library="glut" />
			<Add library="GL" />
			<Add library="GLU" />
			<Add library="Xxf86vm" />
			<Add library="pthread" />
			<Add library="openal" />
			<Add library="alut" />
			<Add directory="usr/lib" />
		</Linker>
		<Unit filename="InputParser_C.c">
			<Option compilerVar="CC" />
		</Unit>
		<Unit filename="InputParser_C.h" />
		<Unit filename="camera_control.cpp" />
		<Unit filename="camera_control.h" />
		<Unit filename="controls.cpp" />
		<Unit filename="controls.h" />
		<Unit filename="directory_listing.cpp" />
		<Unit filename="directory_listing.h" />
		<Unit filename="load_images.cpp" />
		<Unit filename="load_images.h" />
		<Unit filename="load_textures.cpp" />
		<Unit filename="load_textures.h" />
		<Unit filename="main.cpp" />
		<Unit filename="slideshow.cpp" />
		<Unit filename="slideshow.h" />
		<Unit filename="sound.cpp" />
		<Unit filename="sound.h" />
		<Unit filename="visuals.cpp" />
		<Unit filename="visuals.h" />
		<Extensions>
			<code_completion />
			<envvars />
			<debugger />
		</Extensions>
	</Project>
</CodeBlocks_project_file>
